
Microsoft Visual Studio Solution File, Format Version 12.00
# Visual Studio Version 17
VisualStudioVersion = 17.11.35327.3
MinimumVisualStudioVersion = 10.0.40219.1
Project("{9A19103F-16F7-4668-BE54-9A1E7A4F7556}") = "OurFirstWebApp", "OurFirstWebApp.csproj", "{ABB8B2E6-BAD5-4999-A159-1C9AF35120D7}"
EndProject
Project("{FAE04EC0-301F-11D3-BF4B-00C04F79EFBC}") = "Northwind.Common.DataContext.SqlServer", "..\WebDev 1\WebDev\Northwind.Common.DataContext.SqlServer\Northwind.Common.DataContext.SqlServer.csproj", "{1FF49969-A00A-98CB-1235-9E212F90DC18}"
EndProject
Project("{FAE04EC0-301F-11D3-BF4B-00C04F79EFBC}") = "Northwind.Common.EntityModels.SqlServer", "..\WebDev 1\WebDev\Northwind.Common.EntityModels.SqlServer\Northwind.Common.EntityModels.SqlServer.csproj", "{4370FE41-7549-82B9-069F-AEF09B30832B}"
EndProject
Global
	GlobalSection(SolutionConfigurationPlatforms) = preSolution
		Debug|Any CPU = Debug|Any CPU
		Release|Any CPU = Release|Any CPU
	EndGlobalSection
	GlobalSection(ProjectConfigurationPlatforms) = postSolution
		{ABB8B2E6-BAD5-4999-A159-1C9AF35120D7}.Debug|Any CPU.ActiveCfg = Debug|Any CPU
		{ABB8B2E6-BAD5-4999-A159-1C9AF35120D7}.Debug|Any CPU.Build.0 = Debug|Any CPU
		{ABB8B2E6-BAD5-4999-A159-1C9AF35120D7}.Release|Any CPU.ActiveCfg = Release|Any CPU
		{ABB8B2E6-BAD5-4999-A159-1C9AF35120D7}.Release|Any CPU.Build.0 = Release|Any CPU
		{1FF49969-A00A-98CB-1235-9E212F90DC18}.Debug|Any CPU.ActiveCfg = Debug|Any CPU
		{1FF49969-A00A-98CB-1235-9E212F90DC18}.Debug|Any CPU.Build.0 = Debug|Any CPU
		{1FF49969-A00A-98CB-1235-9E212F90DC18}.Release|Any CPU.ActiveCfg = Release|Any CPU
		{1FF49969-A00A-98CB-1235-9E212F90DC18}.Release|Any CPU.Build.0 = Release|Any CPU
		{4370FE41-7549-82B9-069F-AEF09B30832B}.Debug|Any CPU.ActiveCfg = Debug|Any CPU
		{4370FE41-7549-82B9-069F-AEF09B30832B}.Debug|Any CPU.Build.0 = Debug|Any CPU
		{4370FE41-7549-82B9-069F-AEF09B30832B}.Release|Any CPU.ActiveCfg = Release|Any CPU
		{4370FE41-7549-82B9-069F-AEF09B30832B}.Release|Any CPU.Build.0 = Release|Any CPU
	EndGlobalSection
	GlobalSection(SolutionProperties) = preSolution
		HideSolutionNode = FALSE
	EndGlobalSection
	GlobalSection(ExtensibilityGlobals) = postSolution
		SolutionGuid = {8257DF44-0C00-4A78-B052-8F43A04575F8}
	EndGlobalSection
EndGlobal
